PODS:
  - audioplayer (0.0.1):
    - Flutter
  - Flutter (1.0.0)

DEPENDENCIES:
  - audioplayer (from `Pods/.symlinks/plugins/audio_player/ios`)
  - Flutter (from `Pods/.symlinks/flutter/ios-release`)

EXTERNAL SOURCES:
  audioplayer:
    :path: Pods/.symlinks/plugins/audio_player/ios
  Flutter:
    :path: Pods/.symlinks/flutter/ios-release

SPEC CHECKSUMS:
  audioplayer: 3cc64e4f5f3e231c715c8923a9bc26a19dc5da3b
  Flutter: 9d0fac939486c9aba2809b7982dfdbb47a7b0296

PODFILE CHECKSUM: 70e69985f01fdaffe3180d3ae5e73472304a9371

COCOAPODS: 1.4.0
